
Microsoft Visual Studio Solution File, Format Version 12.00
# Visual Studio Version 17
VisualStudioVersion = 17.1.32319.34
MinimumVisualStudioVersion = 10.0.40219.1
Project("{FAE04EC0-301F-11D3-BF4B-00C04F79EFBC}") = "bookstore-csharp", "bookstore-csharp\bookstore-csharp.csproj", "{FDA0BCD1-67C9-464C-A97A-FE088BB86A07}"
EndProject
Global
	GlobalSection(SolutionConfigurationPlatforms) = preSolution
		Debug|Any CPU = Debug|Any CPU
		Release|Any CPU = Release|Any CPU
	EndGlobalSection
	GlobalSection(ProjectConfigurationPlatforms) = postSolution
		{FDA0BCD1-67C9-464C-A97A-FE088BB86A07}.Debug|Any CPU.ActiveCfg = Debug|Any CPU
		{FDA0BCD1-67C9-464C-A97A-FE088BB86A07}.Debug|Any CPU.Build.0 = Debug|Any CPU
		{FDA0BCD1-67C9-464C-A97A-FE088BB86A07}.Release|Any CPU.ActiveCfg = Release|Any CPU
		{FDA0BCD1-67C9-464C-A97A-FE088BB86A07}.Release|Any CPU.Build.0 = Release|Any CPU
	EndGlobalSection
	GlobalSection(SolutionProperties) = preSolution
		HideSolutionNode = FALSE
	EndGlobalSection
	GlobalSection(ExtensibilityGlobals) = postSolution
		SolutionGuid = {87E6E2A5-8BFF-400B-A849-F8BBB86E9457}
	EndGlobalSection
EndGlobal
